version = 1
revision = 2
requires-python = ">=3.13, <4.0"

[[package]]
name = "brotli"
version = "1.1.0"
source = { registry = "https://pypi.org/simple" }
sdist = { url = "https://files.pythonhosted.org/packages/2f/c2/f9e977608bdf958650638c3f1e28f85a1b075f075ebbe77db8555463787b/Brotli-1.1.0.tar.gz", hash = "sha256:81de08ac11bcb85841e440c13611c00b67d3bf82698314928d0b676362546724", size = 7372270, upload-time = "2023-09-07T14:05:41.643Z" }
wheels = [
    { url = "https://files.pythonhosted.org/packages/0a/9f/fb37bb8ffc52a8da37b1c03c459a8cd55df7a57bdccd8831d500e994a0ca/Brotli-1.1.0-cp313-cp313-macosx_10_13_universal2.whl", hash = "sha256:8bf32b98b75c13ec7cf774164172683d6e7891088f6316e54425fde1efc276d5", size = 815681, upload-time = "2024-10-18T12:32:34.942Z" },
    { url = "https://files.pythonhosted.org/packages/06/b3/dbd332a988586fefb0aa49c779f59f47cae76855c2d00f450364bb574cac/Brotli-1.1.0-cp313-cp313-macosx_10_13_x86_64.whl", hash = "sha256:7bc37c4d6b87fb1017ea28c9508b36bbcb0c3d18b4260fcdf08b200c74a6aee8", size = 422475, upload-time = "2024-10-18T12:32:36.485Z" },
    { url = "https://files.pythonhosted.org/packages/bb/80/6aaddc2f63dbcf2d93c2d204e49c11a9ec93a8c7c63261e2b4bd35198283/Brotli-1.1.0-cp313-cp313-manylinux_2_17_aarch64.manylinux2014_aarch64.whl", hash = "sha256:3c0ef38c7a7014ffac184db9e04debe495d317cc9c6fb10071f7fefd93100a4f", size = 2906173, upload-time = "2024-10-18T12:32:37.978Z" },
    { url = "https://files.pythonhosted.org/packages/ea/1d/e6ca79c96ff5b641df6097d299347507d39a9604bde8915e76bf026d6c77/Brotli-1.1.0-cp313-cp313-manylinux_2_17_ppc64le.manylinux2014_ppc64le.whl", hash = "sha256:91d7cc2a76b5567591d12c01f019dd7afce6ba8cba6571187e21e2fc418ae648", size = 2943803, upload-time = "2024-10-18T12:32:39.606Z" },
    { url = "https://files.pythonhosted.org/packages/ac/a3/d98d2472e0130b7dd3acdbb7f390d478123dbf62b7d32bda5c830a96116d/Brotli-1.1.0-cp313-cp313-manylinux_2_17_x86_64.manylinux2014_x86_64.whl", hash = "sha256:a93dde851926f4f2678e704fadeb39e16c35d8baebd5252c9fd94ce8ce68c4a0", size = 2918946, upload-time = "2024-10-18T12:32:41.679Z" },
    { url = "https://files.pythonhosted.org/packages/c4/a5/c69e6d272aee3e1423ed005d8915a7eaa0384c7de503da987f2d224d0721/Brotli-1.1.0-cp313-cp313-manylinux_2_5_i686.manylinux1_i686.manylinux_2_17_i686.manylinux2014_i686.whl", hash = "sha256:f0db75f47be8b8abc8d9e31bc7aad0547ca26f24a54e6fd10231d623f183d089", size = 2845707, upload-time = "2024-10-18T12:32:43.478Z" },
    { url = "https://files.pythonhosted.org/packages/58/9f/4149d38b52725afa39067350696c09526de0125ebfbaab5acc5af28b42ea/Brotli-1.1.0-cp313-cp313-musllinux_1_2_aarch64.whl", hash = "sha256:6967ced6730aed543b8673008b5a391c3b1076d834ca438bbd70635c73775368", size = 2936231, upload-time = "2024-10-18T12:32:45.224Z" },
    { url = "https://files.pythonhosted.org/packages/5a/5a/145de884285611838a16bebfdb060c231c52b8f84dfbe52b852a15780386/Brotli-1.1.0-cp313-cp313-musllinux_1_2_i686.whl", hash = "sha256:7eedaa5d036d9336c95915035fb57422054014ebdeb6f3b42eac809928e40d0c", size = 2848157, upload-time = "2024-10-18T12:32:46.894Z" },
    { url = "https://files.pythonhosted.org/packages/50/ae/408b6bfb8525dadebd3b3dd5b19d631da4f7d46420321db44cd99dcf2f2c/Brotli-1.1.0-cp313-cp313-musllinux_1_2_ppc64le.whl", hash = "sha256:d487f5432bf35b60ed625d7e1b448e2dc855422e87469e3f450aa5552b0eb284", size = 3035122, upload-time = "2024-10-18T12:32:48.844Z" },
    { url = "https://files.pythonhosted.org/packages/af/85/a94e5cfaa0ca449d8f91c3d6f78313ebf919a0dbd55a100c711c6e9655bc/Brotli-1.1.0-cp313-cp313-musllinux_1_2_x86_64.whl", hash = "sha256:832436e59afb93e1836081a20f324cb185836c617659b07b129141a8426973c7", size = 2930206, upload-time = "2024-10-18T12:32:51.198Z" },
    { url = "https://files.pythonhosted.org/packages/c2/f0/a61d9262cd01351df22e57ad7c34f66794709acab13f34be2675f45bf89d/Brotli-1.1.0-cp313-cp313-win32.whl", hash = "sha256:43395e90523f9c23a3d5bdf004733246fba087f2948f87ab28015f12359ca6a0", size = 333804, upload-time = "2024-10-18T12:32:52.661Z" },
    { url = "https://files.pythonhosted.org/packages/7e/c1/ec214e9c94000d1c1974ec67ced1c970c148aa6b8d8373066123fc3dbf06/Brotli-1.1.0-cp313-cp313-win_amd64.whl", hash = "sha256:9011560a466d2eb3f5a6e4929cf4a09be405c64154e12df0dd72713f6500e32b", size = 358517, upload-time = "2024-10-18T12:32:54.066Z" },
]

[[package]]
name = "font-generate"
version = "0.1.0"
source = { virtual = "." }
dependencies = [
    { name = "brotli" },
    { name = "fonttools" },
]

[package.metadata]
requires-dist = [
    { name = "brotli", specifier = "==1.1.0" },
    { name = "fonttools", specifier = "==4.58.1" },
]

[[package]]
name = "fonttools"
version = "4.58.1"
source = { registry = "https://pypi.org/simple" }
sdist = { url = "https://files.pythonhosted.org/packages/3e/7a/30c581aeaa86d94e7a29344bccefd2408870bf5b0e7640b6f4ffede61bd0/fonttools-4.58.1.tar.gz", hash = "sha256:cbc8868e0a29c3e22628dfa1432adf7a104d86d1bc661cecc3e9173070b6ab2d", size = 3519505, upload-time = "2025-05-28T15:29:26.219Z" }
wheels = [
    { url = "https://files.pythonhosted.org/packages/83/7a/7ed2e4e381f9b1f5122d33b7e626a40f646cacc1ef72d8806aacece9e580/fonttools-4.58.1-cp313-cp313-macosx_10_13_universal2.whl", hash = "sha256:68379d1599fc59569956a97eb7b07e0413f76142ac8513fa24c9f2c03970543a", size = 2731231, upload-time = "2025-05-28T15:28:51.435Z" },
    { url = "https://files.pythonhosted.org/packages/e7/28/74864dc9248e917cbe07c903e0ce1517c89d42e2fab6b0ce218387ef0e24/fonttools-4.58.1-cp313-cp313-macosx_10_13_x86_64.whl", hash = "sha256:8631905657de4f9a7ae1e12186c1ed20ba4d6168c2d593b9e0bd2908061d341b", size = 2305224, upload-time = "2025-05-28T15:28:53.114Z" },
    { url = "https://files.pythonhosted.org/packages/e7/f1/ced758896188c1632c5b034a0741457f305e087eb4fa762d86aa3c1ae422/fonttools-4.58.1-cp313-cp313-manylinux_2_17_aarch64.manylinux2014_aarch64.whl", hash = "sha256:e2ecea7289061c2c71468723409a8dd6e70d1ecfce6bc7686e5a74b9ce9154fe", size = 4793934, upload-time = "2025-05-28T15:28:54.798Z" },
    { url = "https://files.pythonhosted.org/packages/c1/46/8b46469c6edac393de1c380c7ec61922d5440f25605dfca7849e5ffff295/fonttools-4.58.1-cp313-cp313-manylinux_2_5_x86_64.manylinux1_x86_64.manylinux_2_17_x86_64.manylinux2014_x86_64.whl", hash = "sha256:9b8860f8cd48b345bd1df1d7be650f600f69ee971ffe338c5bd5bcb6bdb3b92c", size = 4863415, upload-time = "2025-05-28T15:28:56.917Z" },
    { url = "https://files.pythonhosted.org/packages/12/1b/82aa678bb96af6663fe163d51493ffb8622948f4908c886cba6b67fbf6c5/fonttools-4.58.1-cp313-cp313-musllinux_1_2_aarch64.whl", hash = "sha256:7c9a0acdefcb8d7ccd7c59202056166c400e797047009ecb299b75ab950c2a9c", size = 4865025, upload-time = "2025-05-28T15:28:58.926Z" },
    { url = "https://files.pythonhosted.org/packages/7d/26/b66ab2f2dc34b962caecd6fa72a036395b1bc9fb849f52856b1e1144cd63/fonttools-4.58.1-cp313-cp313-musllinux_1_2_x86_64.whl", hash = "sha256:1e1fac0be6be3e4309058e156948cb73196e5fd994268b89b5e3f5a26ee2b582", size = 5002698, upload-time = "2025-05-28T15:29:01.118Z" },
    { url = "https://files.pythonhosted.org/packages/7b/56/cdddc63333ed77e810df56e5e7fb93659022d535a670335d8792be6d59fd/fonttools-4.58.1-cp313-cp313-win32.whl", hash = "sha256:aed7f93a9a072f0ce6fb46aad9474824ac6dd9c7c38a72f8295dd14f2215950f", size = 2174515, upload-time = "2025-05-28T15:29:03.424Z" },
    { url = "https://files.pythonhosted.org/packages/ba/81/c7f395718e44cebe1010fcd7f1b91957d65d512d5f03114d2d6d00cae1c4/fonttools-4.58.1-cp313-cp313-win_amd64.whl", hash = "sha256:b27d69c97c20c9bca807f7ae7fc7df459eb62994859ff6a2a489e420634deac3", size = 2225290, upload-time = "2025-05-28T15:29:05.099Z" },
    { url = "https://files.pythonhosted.org/packages/21/ff/995277586691c0cc314c28b24b4ec30610440fd7bf580072aed1409f95b0/fonttools-4.58.1-py3-none-any.whl", hash = "sha256:db88365d0962cd6f5bce54b190a4669aeed9c9941aa7bd60a5af084d8d9173d6", size = 1113429, upload-time = "2025-05-28T15:29:24.185Z" },
]
