version = 1
revision = 3
requires-python = ">=3.13, <4.0"

[[package]]
name = "brotli"
version = "1.1.0"
source = { registry = "https://pypi.org/simple" }
sdist = { url = "https://files.pythonhosted.org/packages/2f/c2/f9e977608bdf958650638c3f1e28f85a1b075f075ebbe77db8555463787b/Brotli-1.1.0.tar.gz", hash = "sha256:81de08ac11bcb85841e440c13611c00b67d3bf82698314928d0b676362546724", size = 7372270, upload-time = "2023-09-07T14:05:41.643Z" }
wheels = [
    { url = "https://files.pythonhosted.org/packages/0a/9f/fb37bb8ffc52a8da37b1c03c459a8cd55df7a57bdccd8831d500e994a0ca/Brotli-1.1.0-cp313-cp313-macosx_10_13_universal2.whl", hash = "sha256:8bf32b98b75c13ec7cf774164172683d6e7891088f6316e54425fde1efc276d5", size = 815681, upload-time = "2024-10-18T12:32:34.942Z" },
    { url = "https://files.pythonhosted.org/packages/06/b3/dbd332a988586fefb0aa49c779f59f47cae76855c2d00f450364bb574cac/Brotli-1.1.0-cp313-cp313-macosx_10_13_x86_64.whl", hash = "sha256:7bc37c4d6b87fb1017ea28c9508b36bbcb0c3d18b4260fcdf08b200c74a6aee8", size = 422475, upload-time = "2024-10-18T12:32:36.485Z" },
    { url = "https://files.pythonhosted.org/packages/bb/80/6aaddc2f63dbcf2d93c2d204e49c11a9ec93a8c7c63261e2b4bd35198283/Brotli-1.1.0-cp313-cp313-manylinux_2_17_aarch64.manylinux2014_aarch64.whl", hash = "sha256:3c0ef38c7a7014ffac184db9e04debe495d317cc9c6fb10071f7fefd93100a4f", size = 2906173, upload-time = "2024-10-18T12:32:37.978Z" },
    { url = "https://files.pythonhosted.org/packages/ea/1d/e6ca79c96ff5b641df6097d299347507d39a9604bde8915e76bf026d6c77/Brotli-1.1.0-cp313-cp313-manylinux_2_17_ppc64le.manylinux2014_ppc64le.whl", hash = "sha256:91d7cc2a76b5567591d12c01f019dd7afce6ba8cba6571187e21e2fc418ae648", size = 2943803, upload-time = "2024-10-18T12:32:39.606Z" },
    { url = "https://files.pythonhosted.org/packages/ac/a3/d98d2472e0130b7dd3acdbb7f390d478123dbf62b7d32bda5c830a96116d/Brotli-1.1.0-cp313-cp313-manylinux_2_17_x86_64.manylinux2014_x86_64.whl", hash = "sha256:a93dde851926f4f2678e704fadeb39e16c35d8baebd5252c9fd94ce8ce68c4a0", size = 2918946, upload-time = "2024-10-18T12:32:41.679Z" },
    { url = "https://files.pythonhosted.org/packages/c4/a5/c69e6d272aee3e1423ed005d8915a7eaa0384c7de503da987f2d224d0721/Brotli-1.1.0-cp313-cp313-manylinux_2_5_i686.manylinux1_i686.manylinux_2_17_i686.manylinux2014_i686.whl", hash = "sha256:f0db75f47be8b8abc8d9e31bc7aad0547ca26f24a54e6fd10231d623f183d089", size = 2845707, upload-time = "2024-10-18T12:32:43.478Z" },
    { url = "https://files.pythonhosted.org/packages/58/9f/4149d38b52725afa39067350696c09526de0125ebfbaab5acc5af28b42ea/Brotli-1.1.0-cp313-cp313-musllinux_1_2_aarch64.whl", hash = "sha256:6967ced6730aed543b8673008b5a391c3b1076d834ca438bbd70635c73775368", size = 2936231, upload-time = "2024-10-18T12:32:45.224Z" },
    { url = "https://files.pythonhosted.org/packages/5a/5a/145de884285611838a16bebfdb060c231c52b8f84dfbe52b852a15780386/Brotli-1.1.0-cp313-cp313-musllinux_1_2_i686.whl", hash = "sha256:7eedaa5d036d9336c95915035fb57422054014ebdeb6f3b42eac809928e40d0c", size = 2848157, upload-time = "2024-10-18T12:32:46.894Z" },
    { url = "https://files.pythonhosted.org/packages/50/ae/408b6bfb8525dadebd3b3dd5b19d631da4f7d46420321db44cd99dcf2f2c/Brotli-1.1.0-cp313-cp313-musllinux_1_2_ppc64le.whl", hash = "sha256:d487f5432bf35b60ed625d7e1b448e2dc855422e87469e3f450aa5552b0eb284", size = 3035122, upload-time = "2024-10-18T12:32:48.844Z" },
    { url = "https://files.pythonhosted.org/packages/af/85/a94e5cfaa0ca449d8f91c3d6f78313ebf919a0dbd55a100c711c6e9655bc/Brotli-1.1.0-cp313-cp313-musllinux_1_2_x86_64.whl", hash = "sha256:832436e59afb93e1836081a20f324cb185836c617659b07b129141a8426973c7", size = 2930206, upload-time = "2024-10-18T12:32:51.198Z" },
    { url = "https://files.pythonhosted.org/packages/c2/f0/a61d9262cd01351df22e57ad7c34f66794709acab13f34be2675f45bf89d/Brotli-1.1.0-cp313-cp313-win32.whl", hash = "sha256:43395e90523f9c23a3d5bdf004733246fba087f2948f87ab28015f12359ca6a0", size = 333804, upload-time = "2024-10-18T12:32:52.661Z" },
    { url = "https://files.pythonhosted.org/packages/7e/c1/ec214e9c94000d1c1974ec67ced1c970c148aa6b8d8373066123fc3dbf06/Brotli-1.1.0-cp313-cp313-win_amd64.whl", hash = "sha256:9011560a466d2eb3f5a6e4929cf4a09be405c64154e12df0dd72713f6500e32b", size = 358517, upload-time = "2024-10-18T12:32:54.066Z" },
]

[[package]]
name = "font-generate"
version = "0.1.0"
source = { virtual = "." }
dependencies = [
    { name = "brotli" },
    { name = "fonttools" },
]

[package.metadata]
requires-dist = [
    { name = "brotli", specifier = "==1.1.0" },
    { name = "fonttools", specifier = "==4.59.2" },
]

[[package]]
name = "fonttools"
version = "4.59.2"
source = { registry = "https://pypi.org/simple" }
sdist = { url = "https://files.pythonhosted.org/packages/0d/a5/fba25f9fbdab96e26dedcaeeba125e5f05a09043bf888e0305326e55685b/fonttools-4.59.2.tar.gz", hash = "sha256:e72c0749b06113f50bcb80332364c6be83a9582d6e3db3fe0b280f996dc2ef22", size = 3540889, upload-time = "2025-08-27T16:40:30.97Z" }
wheels = [
    { url = "https://files.pythonhosted.org/packages/13/7b/d0d3b9431642947b5805201fbbbe938a47b70c76685ef1f0cb5f5d7140d6/fonttools-4.59.2-cp313-cp313-macosx_10_13_universal2.whl", hash = "sha256:381bde13216ba09489864467f6bc0c57997bd729abfbb1ce6f807ba42c06cceb", size = 2761563, upload-time = "2025-08-27T16:39:20.286Z" },
    { url = "https://files.pythonhosted.org/packages/76/be/fc5fe58dd76af7127b769b68071dbc32d4b95adc8b58d1d28d42d93c90f2/fonttools-4.59.2-cp313-cp313-macosx_10_13_x86_64.whl", hash = "sha256:f33839aa091f7eef4e9078f5b7ab1b8ea4b1d8a50aeaef9fdb3611bba80869ec", size = 2335671, upload-time = "2025-08-27T16:39:22.027Z" },
    { url = "https://files.pythonhosted.org/packages/f2/9f/bf231c2a3fac99d1d7f1d89c76594f158693f981a4aa02be406e9f036832/fonttools-4.59.2-cp313-cp313-manylinux1_x86_64.manylinux2014_x86_64.manylinux_2_17_x86_64.manylinux_2_5_x86_64.whl", hash = "sha256:6235fc06bcbdb40186f483ba9d5d68f888ea68aa3c8dac347e05a7c54346fbc8", size = 4893967, upload-time = "2025-08-27T16:39:23.664Z" },
    { url = "https://files.pythonhosted.org/packages/26/a9/d46d2ad4fcb915198504d6727f83aa07f46764c64f425a861aa38756c9fd/fonttools-4.59.2-cp313-cp313-manylinux2014_aarch64.manylinux_2_17_aarch64.manylinux_2_28_aarch64.whl", hash = "sha256:83ad6e5d06ef3a2884c4fa6384a20d6367b5cfe560e3b53b07c9dc65a7020e73", size = 4951986, upload-time = "2025-08-27T16:39:25.379Z" },
    { url = "https://files.pythonhosted.org/packages/07/90/1cc8d7dd8f707dfeeca472b82b898d3add0ebe85b1f645690dcd128ee63f/fonttools-4.59.2-cp313-cp313-musllinux_1_2_aarch64.whl", hash = "sha256:d029804c70fddf90be46ed5305c136cae15800a2300cb0f6bba96d48e770dde0", size = 4891630, upload-time = "2025-08-27T16:39:27.494Z" },
    { url = "https://files.pythonhosted.org/packages/d8/04/f0345b0d9fe67d65aa8d3f2d4cbf91d06f111bc7b8d802e65914eb06194d/fonttools-4.59.2-cp313-cp313-musllinux_1_2_x86_64.whl", hash = "sha256:95807a3b5e78f2714acaa26a33bc2143005cc05c0217b322361a772e59f32b89", size = 5035116, upload-time = "2025-08-27T16:39:29.406Z" },
    { url = "https://files.pythonhosted.org/packages/d7/7d/5ba5eefffd243182fbd067cdbfeb12addd4e5aec45011b724c98a344ea33/fonttools-4.59.2-cp313-cp313-win32.whl", hash = "sha256:b3ebda00c3bb8f32a740b72ec38537d54c7c09f383a4cfefb0b315860f825b08", size = 2204907, upload-time = "2025-08-27T16:39:31.42Z" },
    { url = "https://files.pythonhosted.org/packages/ea/a9/be7219fc64a6026cc0aded17fa3720f9277001c185434230bd351bf678e6/fonttools-4.59.2-cp313-cp313-win_amd64.whl", hash = "sha256:a72155928d7053bbde499d32a9c77d3f0f3d29ae72b5a121752481bcbd71e50f", size = 2253742, upload-time = "2025-08-27T16:39:33.079Z" },
    { url = "https://files.pythonhosted.org/packages/fc/c7/486580d00be6fa5d45e41682e5ffa5c809f3d25773c6f39628d60f333521/fonttools-4.59.2-cp314-cp314-macosx_10_13_universal2.whl", hash = "sha256:d09e487d6bfbe21195801323ba95c91cb3523f0fcc34016454d4d9ae9eaa57fe", size = 2762444, upload-time = "2025-08-27T16:39:34.759Z" },
    { url = "https://files.pythonhosted.org/packages/d3/9b/950ea9b7b764ceb8d18645c62191e14ce62124d8e05cb32a4dc5e65fde0b/fonttools-4.59.2-cp314-cp314-macosx_10_13_x86_64.whl", hash = "sha256:dec2f22486d7781087b173799567cffdcc75e9fb2f1c045f05f8317ccce76a3e", size = 2333256, upload-time = "2025-08-27T16:39:40.777Z" },
    { url = "https://files.pythonhosted.org/packages/9b/4d/8ee9d563126de9002eede950cde0051be86cc4e8c07c63eca0c9fc95734a/fonttools-4.59.2-cp314-cp314-manylinux1_x86_64.manylinux2014_x86_64.manylinux_2_17_x86_64.manylinux_2_5_x86_64.whl", hash = "sha256:1647201af10993090120da2e66e9526c4e20e88859f3e34aa05b8c24ded2a564", size = 4834846, upload-time = "2025-08-27T16:39:42.885Z" },
    { url = "https://files.pythonhosted.org/packages/03/26/f26d947b0712dce3d118e92ce30ca88f98938b066498f60d0ee000a892ae/fonttools-4.59.2-cp314-cp314-manylinux2014_aarch64.manylinux_2_17_aarch64.manylinux_2_28_aarch64.whl", hash = "sha256:47742c33fe65f41eabed36eec2d7313a8082704b7b808752406452f766c573fc", size = 4930871, upload-time = "2025-08-27T16:39:44.818Z" },
    { url = "https://files.pythonhosted.org/packages/fc/7f/ebe878061a5a5e6b6502f0548489e01100f7e6c0049846e6546ba19a3ab4/fonttools-4.59.2-cp314-cp314-musllinux_1_2_aarch64.whl", hash = "sha256:92ac2d45794f95d1ad4cb43fa07e7e3776d86c83dc4b9918cf82831518165b4b", size = 4876971, upload-time = "2025-08-27T16:39:47.027Z" },
    { url = "https://files.pythonhosted.org/packages/eb/0d/0d22e3a20ac566836098d30718092351935487e3271fd57385db1adb2fde/fonttools-4.59.2-cp314-cp314-musllinux_1_2_x86_64.whl", hash = "sha256:fa9ecaf2dcef8941fb5719e16322345d730f4c40599bbf47c9753de40eb03882", size = 4987478, upload-time = "2025-08-27T16:39:48.774Z" },
    { url = "https://files.pythonhosted.org/packages/3b/a3/960cc83182a408ffacc795e61b5f698c6f7b0cfccf23da4451c39973f3c8/fonttools-4.59.2-cp314-cp314-win32.whl", hash = "sha256:a8d40594982ed858780e18a7e4c80415af65af0f22efa7de26bdd30bf24e1e14", size = 2208640, upload-time = "2025-08-27T16:39:50.592Z" },
    { url = "https://files.pythonhosted.org/packages/d8/74/55e5c57c414fa3965fee5fc036ed23f26a5c4e9e10f7f078a54ff9c7dfb7/fonttools-4.59.2-cp314-cp314-win_amd64.whl", hash = "sha256:9cde8b6a6b05f68516573523f2013a3574cb2c75299d7d500f44de82ba947b80", size = 2258457, upload-time = "2025-08-27T16:39:52.611Z" },
    { url = "https://files.pythonhosted.org/packages/e1/dc/8e4261dc591c5cfee68fecff3ffee2a9b29e1edc4c4d9cbafdc5aefe74ee/fonttools-4.59.2-cp314-cp314t-macosx_10_13_universal2.whl", hash = "sha256:036cd87a2dbd7ef72f7b68df8314ced00b8d9973aee296f2464d06a836aeb9a9", size = 2829901, upload-time = "2025-08-27T16:39:55.014Z" },
    { url = "https://files.pythonhosted.org/packages/fb/05/331538dcf21fd6331579cd628268150e85210d0d2bdae20f7598c2b36c05/fonttools-4.59.2-cp314-cp314t-macosx_10_13_x86_64.whl", hash = "sha256:14870930181493b1d740b6f25483e20185e5aea58aec7d266d16da7be822b4bb", size = 2362717, upload-time = "2025-08-27T16:39:56.843Z" },
    { url = "https://files.pythonhosted.org/packages/60/ae/d26428ca9ede809c0a93f0af91f44c87433dc0251e2aec333da5ed00d38f/fonttools-4.59.2-cp314-cp314t-manylinux1_x86_64.manylinux2014_x86_64.manylinux_2_17_x86_64.manylinux_2_5_x86_64.whl", hash = "sha256:7ff58ea1eb8fc7e05e9a949419f031890023f8785c925b44d6da17a6a7d6e85d", size = 4835120, upload-time = "2025-08-27T16:39:59.06Z" },
    { url = "https://files.pythonhosted.org/packages/07/c4/0f6ac15895de509e07688cb1d45f1ae583adbaa0fa5a5699d73f3bd58ca0/fonttools-4.59.2-cp314-cp314t-manylinux2014_aarch64.manylinux_2_17_aarch64.manylinux_2_28_aarch64.whl", hash = "sha256:6dee142b8b3096514c96ad9e2106bf039e2fe34a704c587585b569a36df08c3c", size = 5071115, upload-time = "2025-08-27T16:40:01.009Z" },
    { url = "https://files.pythonhosted.org/packages/b2/b6/147a711b7ecf7ea39f9da9422a55866f6dd5747c2f36b3b0a7a7e0c6820b/fonttools-4.59.2-cp314-cp314t-musllinux_1_2_aarch64.whl", hash = "sha256:8991bdbae39cf78bcc9cd3d81f6528df1f83f2e7c23ccf6f990fa1f0b6e19708", size = 4943905, upload-time = "2025-08-27T16:40:03.179Z" },
    { url = "https://files.pythonhosted.org/packages/5b/4e/2ab19006646b753855e2b02200fa1cabb75faa4eeca4ef289f269a936974/fonttools-4.59.2-cp314-cp314t-musllinux_1_2_x86_64.whl", hash = "sha256:53c1a411b7690042535a4f0edf2120096a39a506adeb6c51484a232e59f2aa0c", size = 4960313, upload-time = "2025-08-27T16:40:05.45Z" },
    { url = "https://files.pythonhosted.org/packages/98/3d/df77907e5be88adcca93cc2cee00646d039da220164be12bee028401e1cf/fonttools-4.59.2-cp314-cp314t-win32.whl", hash = "sha256:59d85088e29fa7a8f87d19e97a1beae2a35821ee48d8ef6d2c4f965f26cb9f8a", size = 2269719, upload-time = "2025-08-27T16:40:07.553Z" },
    { url = "https://files.pythonhosted.org/packages/2d/a0/d4c4bc5b50275449a9a908283b567caa032a94505fe1976e17f994faa6be/fonttools-4.59.2-cp314-cp314t-win_amd64.whl", hash = "sha256:7ad5d8d8cc9e43cb438b3eb4a0094dd6d4088daa767b0a24d52529361fd4c199", size = 2333169, upload-time = "2025-08-27T16:40:09.656Z" },
    { url = "https://files.pythonhosted.org/packages/65/a4/d2f7be3c86708912c02571db0b550121caab8cd88a3c0aacb9cfa15ea66e/fonttools-4.59.2-py3-none-any.whl", hash = "sha256:8bd0f759020e87bb5d323e6283914d9bf4ae35a7307dafb2cbd1e379e720ad37", size = 1132315, upload-time = "2025-08-27T16:40:28.984Z" },
]
